
Microsoft Visual Studio Solution File, Format Version 12.00
# Visual Studio Version 17
VisualStudioVersion = 17.3.32825.248
MinimumVisualStudioVersion = 10.0.40219.1
Project("{FAE04EC0-301F-11D3-BF4B-00C04F79EFBC}") = "meteo", "meteo\meteo.csproj", "{80EE8314-4D2D-4112-A916-ABE3617D280B}"
EndProject
Global
	GlobalSection(SolutionConfigurationPlatforms) = preSolution
		Debug|Any CPU = Debug|Any CPU
		Release|Any CPU = Release|Any CPU
	EndGlobalSection
	GlobalSection(ProjectConfigurationPlatforms) = postSolution
		{80EE8314-4D2D-4112-A916-ABE3617D280B}.Debug|Any CPU.ActiveCfg = Debug|Any CPU
		{80EE8314-4D2D-4112-A916-ABE3617D280B}.Debug|Any CPU.Build.0 = Debug|Any CPU
		{80EE8314-4D2D-4112-A916-ABE3617D280B}.Release|Any CPU.ActiveCfg = Release|Any CPU
		{80EE8314-4D2D-4112-A916-ABE3617D280B}.Release|Any CPU.Build.0 = Release|Any CPU
	EndGlobalSection
	GlobalSection(SolutionProperties) = preSolution
		HideSolutionNode = FALSE
	EndGlobalSection
	GlobalSection(ExtensibilityGlobals) = postSolution
		SolutionGuid = {B12BA53F-4DCA-4191-BC5B-120B0F559047}
	EndGlobalSection
EndGlobal
